
Microsoft Visual Studio Solution File, Format Version 12.00
# Visual Studio 15
VisualStudioVersion = 15.0.27703.2035
MinimumVisualStudioVersion = 10.0.40219.1
Project("{FAE04EC0-301F-11D3-BF4B-00C04F79EFBC}") = "Bookings", "Bookings\Bookings.csproj", "{8FF4CF65-261D-48BD-94B4-71DFA8FF10ED}"
EndProject
Project("{FAE04EC0-301F-11D3-BF4B-00C04F79EFBC}") = "Bookings.Tests", "BookingsTests\Bookings.Tests.csproj", "{359E9D9A-B668-4A51-8DC7-92613C1710A7}"
EndProject
Global
	GlobalSection(SolutionConfigurationPlatforms) = preSolution
		Debug|Any CPU = Debug|Any CPU
		Release|Any CPU = Release|Any CPU
	EndGlobalSection
	GlobalSection(ProjectConfigurationPlatforms) = postSolution
		{8FF4CF65-261D-48BD-94B4-71DFA8FF10ED}.Debug|Any CPU.ActiveCfg = Debug|Any CPU
		{8FF4CF65-261D-48BD-94B4-71DFA8FF10ED}.Debug|Any CPU.Build.0 = Debug|Any CPU
		{8FF4CF65-261D-48BD-94B4-71DFA8FF10ED}.Release|Any CPU.ActiveCfg = Release|Any CPU
		{8FF4CF65-261D-48BD-94B4-71DFA8FF10ED}.Release|Any CPU.Build.0 = Release|Any CPU
		{359E9D9A-B668-4A51-8DC7-92613C1710A7}.Debug|Any CPU.ActiveCfg = Debug|Any CPU
		{359E9D9A-B668-4A51-8DC7-92613C1710A7}.Debug|Any CPU.Build.0 = Debug|Any CPU
		{359E9D9A-B668-4A51-8DC7-92613C1710A7}.Release|Any CPU.ActiveCfg = Release|Any CPU
		{359E9D9A-B668-4A51-8DC7-92613C1710A7}.Release|Any CPU.Build.0 = Release|Any CPU
	EndGlobalSection
	GlobalSection(SolutionProperties) = preSolution
		HideSolutionNode = FALSE
	EndGlobalSection
	GlobalSection(ExtensibilityGlobals) = postSolution
		SolutionGuid = {4F9B1C73-140B-45A8-B7E4-32F1EC9AE798}
	EndGlobalSection
EndGlobal
